{
  "name": "projeto-integrador",
  "version": "1.0.0",
  "lockfileVersion": 3,
  "requires": true,
  "packages": {
    "": {
      "name": "projeto-integrador",
      "version": "1.0.0",
      "license": "ISC",
      "dependencies": {
        "easytimer.js": "^4.6.0"
      }
    },
    "node_modules/easytimer.js": {
      "version": "4.6.0",
      "resolved": "https://registry.npmjs.org/easytimer.js/-/easytimer.js-4.6.0.tgz",
      "integrity": "sha512-2kl/X/HnB5mKJ29x7N908CrNl5y8yDgDuD8U7TXTEHs/lBFVXT91DSoiXncYnwC1TPPDfomlLDKPaTSqT3dygQ=="
    }
  }
}
